
Microsoft Visual Studio Solution File, Format Version 12.00
# Visual Studio Version 16
VisualStudioVersion = 16.0.32510.428
MinimumVisualStudioVersion = 10.0.40219.1
Project("{FAE04EC0-301F-11D3-BF4B-00C04F79EFBC}") = "ClinicMSBAL", "ClinicMSBAL.csproj", "{721E0A39-FA6B-4CFE-A7F8-083781177FAD}"
EndProject
Global
	GlobalSection(SolutionConfigurationPlatforms) = preSolution
		Debug|Any CPU = Debug|Any CPU
		Release|Any CPU = Release|Any CPU
	EndGlobalSection
	GlobalSection(ProjectConfigurationPlatforms) = postSolution
		{721E0A39-FA6B-4CFE-A7F8-083781177FAD}.Debug|Any CPU.ActiveCfg = Debug|Any CPU
		{721E0A39-FA6B-4CFE-A7F8-083781177FAD}.Debug|Any CPU.Build.0 = Debug|Any CPU
		{721E0A39-FA6B-4CFE-A7F8-083781177FAD}.Release|Any CPU.ActiveCfg = Release|Any CPU
		{721E0A39-FA6B-4CFE-A7F8-083781177FAD}.Release|Any CPU.Build.0 = Release|Any CPU
	EndGlobalSection
	GlobalSection(SolutionProperties) = preSolution
		HideSolutionNode = FALSE
	EndGlobalSection
	GlobalSection(ExtensibilityGlobals) = postSolution
		SolutionGuid = {38116372-FE2B-42C8-A710-723F8E8D0FDC}
	EndGlobalSection
EndGlobal
